
Microsoft Visual Studio Solution File, Format Version 12.00
# Visual Studio Version 17
VisualStudioVersion = 17.9.34607.119
MinimumVisualStudioVersion = 10.0.40219.1
Project("{FAE04EC0-301F-11D3-BF4B-00C04F79EFBC}") = "labSPP_1", "labSPP_1\labSPP_1.csproj", "{369433F5-E025-4AB2-A9D6-66795CD6A435}"
EndProject
Project("{FAE04EC0-301F-11D3-BF4B-00C04F79EFBC}") = "labSPP_1.2", "labSPP_1.2\labSPP_1.2.csproj", "{E784D627-5F2C-46EB-9798-4B90E5324B11}"
EndProject
Global
	GlobalSection(SolutionConfigurationPlatforms) = preSolution
		Debug|Any CPU = Debug|Any CPU
		Release|Any CPU = Release|Any CPU
	EndGlobalSection
	GlobalSection(ProjectConfigurationPlatforms) = postSolution
		{369433F5-E025-4AB2-A9D6-66795CD6A435}.Debug|Any CPU.ActiveCfg = Debug|Any CPU
		{369433F5-E025-4AB2-A9D6-66795CD6A435}.Debug|Any CPU.Build.0 = Debug|Any CPU
		{369433F5-E025-4AB2-A9D6-66795CD6A435}.Release|Any CPU.ActiveCfg = Release|Any CPU
		{369433F5-E025-4AB2-A9D6-66795CD6A435}.Release|Any CPU.Build.0 = Release|Any CPU
		{E784D627-5F2C-46EB-9798-4B90E5324B11}.Debug|Any CPU.ActiveCfg = Debug|Any CPU
		{E784D627-5F2C-46EB-9798-4B90E5324B11}.Debug|Any CPU.Build.0 = Debug|Any CPU
		{E784D627-5F2C-46EB-9798-4B90E5324B11}.Release|Any CPU.ActiveCfg = Release|Any CPU
		{E784D627-5F2C-46EB-9798-4B90E5324B11}.Release|Any CPU.Build.0 = Release|Any CPU
	EndGlobalSection
	GlobalSection(SolutionProperties) = preSolution
		HideSolutionNode = FALSE
	EndGlobalSection
	GlobalSection(ExtensibilityGlobals) = postSolution
		SolutionGuid = {5E21EEFF-2F45-471D-BD89-B7CAD347FE60}
	EndGlobalSection
EndGlobal
